
Microsoft Visual Studio Solution File, Format Version 12.00
# Visual Studio Version 16
VisualStudioVersion = 16.0.29311.281
MinimumVisualStudioVersion = 10.0.40219.1
Project("{FAE04EC0-301F-11D3-BF4B-00C04F79EFBC}") = "DungeonSweeper", "DungeonSweeper\DungeonSweeper.csproj", "{7875320B-16C3-4926-B95C-EC8950DDD395}"
EndProject
Global
	GlobalSection(SolutionConfigurationPlatforms) = preSolution
		Debug|Any CPU = Debug|Any CPU
		Release|Any CPU = Release|Any CPU
	EndGlobalSection
	GlobalSection(ProjectConfigurationPlatforms) = postSolution
		{7875320B-16C3-4926-B95C-EC8950DDD395}.Debug|Any CPU.ActiveCfg = Debug|Any CPU
		{7875320B-16C3-4926-B95C-EC8950DDD395}.Debug|Any CPU.Build.0 = Debug|Any CPU
		{7875320B-16C3-4926-B95C-EC8950DDD395}.Release|Any CPU.ActiveCfg = Release|Any CPU
		{7875320B-16C3-4926-B95C-EC8950DDD395}.Release|Any CPU.Build.0 = Release|Any CPU
	EndGlobalSection
	GlobalSection(SolutionProperties) = preSolution
		HideSolutionNode = FALSE
	EndGlobalSection
	GlobalSection(ExtensibilityGlobals) = postSolution
		SolutionGuid = {7B9F1E1D-D3E3-4181-87B5-0676F1A2A6F3}
	EndGlobalSection
EndGlobal
